
Microsoft Visual Studio Solution File, Format Version 12.00
# Visual Studio Version 16
VisualStudioVersion = 16.0.28803.352
MinimumVisualStudioVersion = 10.0.40219.1
Project("{8BC9CEB8-8B4A-11D0-8D11-00A0C91BC942}") = "itl_comp", "itl_comp.vcxproj", "{29EDB3A1-695D-48AB-BD7D-7FD921A6F9EF}"
EndProject
Global
	GlobalSection(SolutionConfigurationPlatforms) = preSolution
		Debug|x64 = Debug|x64
		Debug|x86 = Debug|x86
		Release|x64 = Release|x64
		Release|x86 = Release|x86
	EndGlobalSection
	GlobalSection(ProjectConfigurationPlatforms) = postSolution
		{29EDB3A1-695D-48AB-BD7D-7FD921A6F9EF}.Debug|x64.ActiveCfg = Debug|x64
		{29EDB3A1-695D-48AB-BD7D-7FD921A6F9EF}.Debug|x64.Build.0 = Debug|x64
		{29EDB3A1-695D-48AB-BD7D-7FD921A6F9EF}.Debug|x86.ActiveCfg = Debug|Win32
		{29EDB3A1-695D-48AB-BD7D-7FD921A6F9EF}.Debug|x86.Build.0 = Debug|Win32
		{29EDB3A1-695D-48AB-BD7D-7FD921A6F9EF}.Release|x64.ActiveCfg = Release|x64
		{29EDB3A1-695D-48AB-BD7D-7FD921A6F9EF}.Release|x64.Build.0 = Release|x64
		{29EDB3A1-695D-48AB-BD7D-7FD921A6F9EF}.Release|x86.ActiveCfg = Release|Win32
		{29EDB3A1-695D-48AB-BD7D-7FD921A6F9EF}.Release|x86.Build.0 = Release|Win32
	EndGlobalSection
	GlobalSection(SolutionProperties) = preSolution
		HideSolutionNode = FALSE
	EndGlobalSection
	GlobalSection(ExtensibilityGlobals) = postSolution
		SolutionGuid = {2F073908-BAE5-464F-8CF1-5CDA71A50C22}
	EndGlobalSection
EndGlobal
